// !$*UTF8*$!
{
	archiveVersion = 1;
	classes = {
	};
	objectVersion = 50;
	objects = {

/* Begin PBXBuildFile section */
		17A00AA32604BDA6002C92EF /* AppDelegate.swift in Sources */ = {isa = PBXBuildFile; fileRef = 17A00AA22604BDA6002C92EF /* AppDelegate.swift */; };
		17A00AA52604BDA6002C92EF /* SceneDelegate.swift in Sources */ = {isa = PBXBuildFile; fileRef = 17A00AA42604BDA6002C92EF /* SceneDelegate.swift */; };
		17A00AA72604BDA6002C92EF /* ContentView.swift in Sources */ = {isa = PBXBuildFile; fileRef = 17A00AA62604BDA6002C92EF /* ContentView.swift */; };
		17A00AA92604BDA7002C92EF /* Assets.xcassets in Resources */ = {isa = PBXBuildFile; fileRef = 17A00AA82604BDA7002C92EF /* Assets.xcassets */; };
		17A00AAC2604BDA7002C92EF /* Preview Assets.xcassets in Resources */ = {isa = PBXBuildFile; fileRef = 17A00AAB2604BDA7002C92EF /* Preview Assets.xcassets */; };
		17A00AAF2604BDA7002C92EF /* LaunchScreen.storyboard in Resources */ = {isa = PBXBuildFile; fileRef = 17A00AAD2604BDA7002C92EF /* LaunchScreen.storyboard */; };
		17A00ABA2604BDA7002C92EF /* douyuTests.swift in Sources */ = {isa = PBXBuildFile; fileRef = 17A00AB92604BDA7002C92EF /* douyuTests.swift */; };
		17A00AC52604BDA7002C92EF /* douyuUITests.swift in Sources */ = {isa = PBXBuildFile; fileRef = 17A00AC42604BDA7002C92EF /* douyuUITests.swift */; };
/* End PBXBuildFile section */

/* Begin PBXContainerItemProxy section */
		17A00AB62604BDA7002C92EF /* PBXContainerItemProxy */ = {
			isa = PBXContainerItemProxy;
			containerPortal = 17A00A972604BDA6002C92EF /* Project object */;
			proxyType = 1;
			remoteGlobalIDString = 17A00A9E2604BDA6002C92EF;
			remoteInfo = douyu;
		};
		17A00AC12604BDA7002C92EF /* PBXContainerItemProxy */ = {
			isa = PBXContainerItemProxy;
			containerPortal = 17A00A972604BDA6002C92EF /* Project object */;
			proxyType = 1;
			remoteGlobalIDString = 17A00A9E2604BDA6002C92EF;
			remoteInfo = douyu;
		};
/* End PBXContainerItemProxy section */

/* Begin PBXFileReference section */
		17A00A9F2604BDA6002C92EF /* douyu.app */ = {isa = PBXFileReference; explicitFileType = wrapper.application; includeInIndex = 0; path = douyu.app; sourceTree = BUILT_PRODUCTS_DIR; };
		17A00AA22604BDA6002C92EF /* AppDelegate.swift */ = {isa = PBXFileReference; lastKnownFileType = sourcecode.swift; path = AppDelegate.swift; sourceTree = "<group>"; };
		17A00AA42604BDA6002C92EF /* SceneDelegate.swift */ = {isa = PBXFileReference; lastKnownFileType = sourcecode.swift; path = SceneDelegate.swift; sourceTree = "<group>"; };
		17A00AA62604BDA6002C92EF /* ContentView.swift */ = {isa = PBXFileReference; lastKnownFileType = sourcecode.swift; path = ContentView.swift; sourceTree = "<group>"; };
		17A00AA82604BDA7002C92EF /* Assets.xcassets */ = {isa = PBXFileReference; lastKnownFileType = folder.assetcatalog; path = Assets.xcassets; sourceTree = "<group>"; };
		17A00AAB2604BDA7002C92EF /* Preview Assets.xcassets */ = {isa = PBXFileReference; lastKnownFileType = folder.assetcatalog; path = "Preview Assets.xcassets"; sourceTree = "<group>"; };
		17A00AAE2604BDA7002C92EF /* Base */ = {isa = PBXFileReference; lastKnownFileType = file.storyboard; name = Base; path = Base.lproj/LaunchScreen.storyboard; sourceTree = "<group>"; };
		17A00AB02604BDA7002C92EF /* Info.plist */ = {isa = PBXFileReference; lastKnownFileType = text.plist.xml; path = Info.plist; sourceTree = "<group>"; };
		17A00AB52604BDA7002C92EF /* douyuTests.xctest */ = {isa = PBXFileReference; explicitFileType = wrapper.cfbundle; includeInIndex = 0; path = douyuTests.xctest; sourceTree = BUILT_PRODUCTS_DIR; };
		17A00AB92604BDA7002C92EF /* douyuTests.swift */ = {isa = PBXFileReference; lastKnownFileType = sourcecode.swift; path = douyuTests.swift; sourceTree = "<group>"; };
		17A00ABB2604BDA7002C92EF /* Info.plist */ = {isa = PBXFileReference; lastKnownFileType = text.plist.xml; path = Info.plist; sourceTree = "<group>"; };
		17A00AC02604BDA7002C92EF /* douyuUITests.xctest */ = {isa = PBXFileReference; explicitFileType = wrapper.cfbundle; includeInIndex = 0; path = douyuUITests.xctest; sourceTree = BUILT_PRODUCTS_DIR; };
		17A00AC42604BDA7002C92EF /* douyuUITests.swift */ = {isa = PBXFileReference; lastKnownFileType = sourcecode.swift; path = douyuUITests.swift; sourceTree = "<group>"; };
		17A00AC62604BDA7002C92EF /* Info.plist */ = {isa = PBXFileReference; lastKnownFileType = text.plist.xml; path = Info.plist; sourceTree = "<group>"; };
/* End PBXFileReference section */

/* Begin PBXFrameworksBuildPhase section */
		17A00A9C2604BDA6002C92EF /* Frameworks */ = {
			isa = PBXFrameworksBuildPhase;
			buildActionMask = 2147483647;
			files = (
			);
			runOnlyForDeploymentPostprocessing = 0;
		};
		17A00AB22604BDA7002C92EF /* Frameworks */ = {
			isa = PBXFrameworksBuildPhase;
			buildActionMask = 2147483647;
			files = (
			);
			runOnlyForDeploymentPostprocessing = 0;
		};
		17A00ABD2604BDA7002C92EF /* Frameworks */ = {
			isa = PBXFrameworksBuildPhase;
			buildActionMask = 2147483647;
			files = (
			);
			runOnlyForDeploymentPostprocessing = 0;
		};
/* End PBXFrameworksBuildPhase section */

/* Begin PBXGroup section */
		17A00A962604BDA6002C92EF = {
			isa = PBXGroup;
			children = (
				17A00AA12604BDA6002C92EF /* douyu */,
				17A00AB82604BDA7002C92EF /* douyuTests */,
				17A00AC32604BDA7002C92EF /* douyuUITests */,
				17A00AA02604BDA6002C92EF /* Products */,
			);
			sourceTree = "<group>";
		};
		17A00AA02604BDA6002C92EF /* Products */ = {
			isa = PBXGroup;
			children = (
				17A00A9F2604BDA6002C92EF /* douyu.app */,
				17A00AB52604BDA7002C92EF /* douyuTests.xctest */,
				17A00AC02604BDA7002C92EF /* douyuUITests.xctest */,
			);
			name = Products;
			sourceTree = "<group>";
		};
		17A00AA12604BDA6002C92EF /* douyu */ = {
			isa = PBXGroup;
			children = (
				17A00AA22604BDA6002C92EF /* AppDelegate.swift */,
				17A00AA42604BDA6002C92EF /* SceneDelegate.swift */,
				17A00AA62604BDA6002C92EF /* ContentView.swift */,
				17A00AA82604BDA7002C92EF /* Assets.xcassets */,
				17A00AAD2604BDA7002C92EF /* LaunchScreen.storyboard */,
				17A00AB02604BDA7002C92EF /* Info.plist */,
				17A00AAA2604BDA7002C92EF /* Preview Content */,
			);
			path = douyu;
			sourceTree = "<group>";
		};
		17A00AAA2604BDA7002C92EF /* Preview Content */ = {
			isa = PBXGroup;
			children = (
				17A00AAB2604BDA7002C92EF /* Preview Assets.xcassets */,
			);
			path = "Preview Content";
			sourceTree = "<group>";
		};
		17A00AB82604BDA7002C92EF /* douyuTests */ = {
			isa = PBXGroup;
			children = (
				17A00AB92604BDA7002C92EF /* douyuTests.swift */,
				17A00ABB2604BDA7002C92EF /* Info.plist */,
			);
			path = douyuTests;
			sourceTree = "<group>";
		};
		17A00AC32604BDA7002C92EF /* douyuUITests */ = {
			isa = PBXGroup;
			children = (
				17A00AC42604BDA7002C92EF /* douyuUITests.swift */,
				17A00AC62604BDA7002C92EF /* Info.plist */,
			);
			path = douyuUITests;
			sourceTree = "<group>";
		};
/* End PBXGroup section */

/* Begin PBXNativeTarget section */
		17A00A9E2604BDA6002C92EF /* douyu */ = {
			isa = PBXNativeTarget;
			buildConfigurationList = 17A00AC92604BDA7002C92EF /* Build configuration list for PBXNativeTarget "douyu" */;
			buildPhases = (
				17A00A9B2604BDA6002C92EF /* Sources */,
				17A00A9C2604BDA6002C92EF /* Frameworks */,
				17A00A9D2604BDA6002C92EF /* Resources */,
			);
			buildRules = (
			);
			dependencies = (
			);
			name = douyu;
			productName = douyu;
			productReference = 17A00A9F2604BDA6002C92EF /* douyu.app */;
			productType = "com.apple.product-type.application";
		};
		17A00AB42604BDA7002C92EF /* douyuTests */ = {
			isa = PBXNativeTarget;
			buildConfigurationList = 17A00ACC2604BDA7002C92EF /* Build configuration list for PBXNativeTarget "douyuTests" */;
			buildPhases = (
				17A00AB12604BDA7002C92EF /* Sources */,
				17A00AB22604BDA7002C92EF /* Frameworks */,
				17A00AB32604BDA7002C92EF /* Resources */,
			);
			buildRules = (
			);
			dependencies = (
				17A00AB72604BDA7002C92EF /* PBXTargetDependency */,
			);
			name = douyuTests;
			productName = douyuTests;
			productReference = 17A00AB52604BDA7002C92EF /* douyuTests.xctest */;
			productType = "com.apple.product-type.bundle.unit-test";
		};
		17A00ABF2604BDA7002C92EF /* douyuUITests */ = {
			isa = PBXNativeTarget;
			buildConfigurationList = 17A00ACF2604BDA7002C92EF /* Build configuration list for PBXNativeTarget "douyuUITests" */;
			buildPhases = (
				17A00ABC2604BDA7002C92EF /* Sources */,
				17A00ABD2604BDA7002C92EF /* Frameworks */,
				17A00ABE2604BDA7002C92EF /* Resources */,
			);
			buildRules = (
			);
			dependencies = (
				17A00AC22604BDA7002C92EF /* PBXTargetDependency */,
			);
			name = douyuUITests;
			productName = douyuUITests;
			productReference = 17A00AC02604BDA7002C92EF /* douyuUITests.xctest */;
			productType = "com.apple.product-type.bundle.ui-testing";
		};
/* End PBXNativeTarget section */

/* Begin PBXProject section */
		17A00A972604BDA6002C92EF /* Project object */ = {
			isa = PBXProject;
			attributes = {
				LastSwiftUpdateCheck = 1130;
				LastUpgradeCheck = 1130;
				ORGANIZATIONNAME = x;
				TargetAttributes = {
					17A00A9E2604BDA6002C92EF = {
						CreatedOnToolsVersion = 11.3.1;
					};
					17A00AB42604BDA7002C92EF = {
						CreatedOnToolsVersion = 11.3.1;
						TestTargetID = 17A00A9E2604BDA6002C92EF;
					};
					17A00ABF2604BDA7002C92EF = {
						CreatedOnToolsVersion = 11.3.1;
						TestTargetID = 17A00A9E2604BDA6002C92EF;
					};
				};
			};
			buildConfigurationList = 17A00A9A2604BDA6002C92EF /* Build configuration list for PBXProject "douyu" */;
			compatibilityVersion = "Xcode 9.3";
			developmentRegion = en;
			hasScannedForEncodings = 0;
			knownRegions = (
				en,
				Base,
			);
			mainGroup = 17A00A962604BDA6002C92EF;
			productRefGroup = 17A00AA02604BDA6002C92EF /* Products */;
			projectDirPath = "";
			projectRoot = "";
			targets = (
				17A00A9E2604BDA6002C92EF /* douyu */,
				17A00AB42604BDA7002C92EF /* douyuTests */,
				17A00ABF2604BDA7002C92EF /* douyuUITests */,
			);
		};
/* End PBXProject section */

/* Begin PBXResourcesBuildPhase section */
		17A00A9D2604BDA6002C92EF /* Resources */ = {
			isa = PBXResourcesBuildPhase;
			buildActionMask = 2147483647;
			files = (
				17A00AAF2604BDA7002C92EF /* LaunchScreen.storyboard in Resources */,
				17A00AAC2604BDA7002C92EF /* Preview Assets.xcassets in Resources */,
				17A00AA92604BDA7002C92EF /* Assets.xcassets in Resources */,
			);
			runOnlyForDeploymentPostprocessing = 0;
		};
		17A00AB32604BDA7002C92EF /* Resources */ = {
			isa = PBXResourcesBuildPhase;
			buildActionMask = 2147483647;
			files = (
			);
			runOnlyForDeploymentPostprocessing = 0;
		};
		17A00ABE2604BDA7002C92EF /* Resources */ = {
			isa = PBXResourcesBuildPhase;
			buildActionMask = 2147483647;
			files = (
			);
			runOnlyForDeploymentPostprocessing = 0;
		};
/* End PBXResourcesBuildPhase section */

/* Begin PBXSourcesBuildPhase section */
		17A00A9B2604BDA6002C92EF /* Sources */ = {
			isa = PBXSourcesBuildPhase;
			buildActionMask = 2147483647;
			files = (
				17A00AA32604BDA6002C92EF /* AppDelegate.swift in Sources */,
				17A00AA52604BDA6002C92EF /* SceneDelegate.swift in Sources */,
				17A00AA72604BDA6002C92EF /* ContentView.swift in Sources */,
			);
			runOnlyForDeploymentPostprocessing = 0;
		};
		17A00AB12604BDA7002C92EF /* Sources */ = {
			isa = PBXSourcesBuildPhase;
			buildActionMask = 2147483647;
			files = (
				17A00ABA2604BDA7002C92EF /* douyuTests.swift in Sources */,
			);
			runOnlyForDeploymentPostprocessing = 0;
		};
		17A00ABC2604BDA7002C92EF /* Sources */ = {
			isa = PBXSourcesBuildPhase;
			buildActionMask = 2147483647;
			files = (
				17A00AC52604BDA7002C92EF /* douyuUITests.swift in Sources */,
			);
			runOnlyForDeploymentPostprocessing = 0;
		};
/* End PBXSourcesBuildPhase section */

/* Begin PBXTargetDependency section */
		17A00AB72604BDA7002C92EF /* PBXTargetDependency */ = {
			isa = PBXTargetDependency;
			target = 17A00A9E2604BDA6002C92EF /* douyu */;
			targetProxy = 17A00AB62604BDA7002C92EF /* PBXContainerItemProxy */;
		};
		17A00AC22604BDA7002C92EF /* PBXTargetDependency */ = {
			isa = PBXTargetDependency;
			target = 17A00A9E2604BDA6002C92EF /* douyu */;
			targetProxy = 17A00AC12604BDA7002C92EF /* PBXContainerItemProxy */;
		};
/* End PBXTargetDependency section */

/* Begin PBXVariantGroup section */
		17A00AAD2604BDA7002C92EF /* LaunchScreen.storyboard */ = {
			isa = PBXVariantGroup;
			children = (
				17A00AAE2604BDA7002C92EF /* Base */,
			);
			name = LaunchScreen.storyboard;
			sourceTree = "<group>";
		};
/* End PBXVariantGroup section */

/* Begin XCBuildConfiguration section */
		17A00AC72604BDA7002C92EF /* Debug */ = {
			isa = XCBuildConfiguration;
			buildSettings = {
				ALWAYS_SEARCH_USER_PATHS = NO;
				CLANG_ANALYZER_NONNULL = YES;
				CLANG_ANALYZER_NUMBER_OBJECT_CONVERSION = YES_AGGRESSIVE;
				CLANG_CXX_LANGUAGE_STANDARD = "gnu++14";
				CLANG_CXX_LIBRARY = "libc++";
				CLANG_ENABLE_MODULES = YES;
				CLANG_ENABLE_OBJC_ARC = YES;
				CLANG_ENABLE_OBJC_WEAK = YES;
				CLANG_WARN_BLOCK_CAPTURE_AUTORELEASING = YES;
				CLANG_WARN_BOOL_CONVERSION = YES;
				CLANG_WARN_COMMA = YES;
				CLANG_WARN_CONSTANT_CONVERSION = YES;
				CLANG_WARN_DEPRECATED_OBJC_IMPLEMENTATIONS = YES;
				CLANG_WARN_DIRECT_OBJC_ISA_USAGE = YES_ERROR;
				CLANG_WARN_DOCUMENTATION_COMMENTS = YES;
				CLANG_WARN_EMPTY_BODY = YES;
				CLANG_WARN_ENUM_CONVERSION = YES;
				CLANG_WARN_INFINITE_RECURSION = YES;
				CLANG_WARN_INT_CONVERSION = YES;
				CLANG_WARN_NON_LITERAL_NULL_CONVERSION = YES;
				CLANG_WARN_OBJC_IMPLICIT_RETAIN_SELF = YES;
				CLANG_WARN_OBJC_LITERAL_CONVERSION = YES;
				CLANG_WARN_OBJC_ROOT_CLASS = YES_ERROR;
				CLANG_WARN_RANGE_LOOP_ANALYSIS = YES;
				CLANG_WARN_STRICT_PROTOTYPES = YES;
				CLANG_WARN_SUSPICIOUS_MOVE = YES;
				CLANG_WARN_UNGUARDED_AVAILABILITY = YES_AGGRESSIVE;
				CLANG_WARN_UNREACHABLE_CODE = YES;
				CLANG_WARN__DUPLICATE_METHOD_MATCH = YES;
				COPY_PHASE_STRIP = NO;
				DEBUG_INFORMATION_FORMAT = dwarf;
				ENABLE_STRICT_OBJC_MSGSEND = YES;
				ENABLE_TESTABILITY = YES;
				GCC_C_LANGUAGE_STANDARD = gnu11;
				GCC_DYNAMIC_NO_PIC = NO;
				GCC_NO_COMMON_BLOCKS = YES;
				GCC_OPTIMIZATION_LEVEL = 0;
				GCC_PREPROCESSOR_DEFINITIONS = (
					"DEBUG=1",
					"$(inherited)",
				);
				GCC_WARN_64_TO_32_BIT_CONVERSION = YES;
				GCC_WARN_ABOUT_RETURN_TYPE = YES_ERROR;
				GCC_WARN_UNDECLARED_SELECTOR = YES;
				GCC_WARN_UNINITIALIZED_AUTOS = YES_AGGRESSIVE;
				GCC_WARN_UNUSED_FUNCTION = YES;
				GCC_WARN_UNUSED_VARIABLE = YES;
				IPHONEOS_DEPLOYMENT_TARGET = 13.2;
				MTL_ENABLE_DEBUG_INFO = INCLUDE_SOURCE;
				MTL_FAST_MATH = YES;
				ONLY_ACTIVE_ARCH = YES;
				SDKROOT = iphoneos;
				SWIFT_ACTIVE_COMPILATION_CONDITIONS = DEBUG;
				SWIFT_OPTIMIZATION_LEVEL = "-Onone";
			};
			name = Debug;
		};
		17A00AC82604BDA7002C92EF /* Release */ = {
			isa = XCBuildConfiguration;
			buildSettings = {
				ALWAYS_SEARCH_USER_PATHS = NO;
				CLANG_ANALYZER_NONNULL = YES;
				CLANG_ANALYZER_NUMBER_OBJECT_CONVERSION = YES_AGGRESSIVE;
				CLANG_CXX_LANGUAGE_STANDARD = "gnu++14";
				CLANG_CXX_LIBRARY = "libc++";
				CLANG_ENABLE_MODULES = YES;
				CLANG_ENABLE_OBJC_ARC = YES;
				CLANG_ENABLE_OBJC_WEAK = YES;
				CLANG_WARN_BLOCK_CAPTURE_AUTORELEASING = YES;
				CLANG_WARN_BOOL_CONVERSION = YES;
				CLANG_WARN_COMMA = YES;
				CLANG_WARN_CONSTANT_CONVERSION = YES;
				CLANG_WARN_DEPRECATED_OBJC_IMPLEMENTATIONS = YES;
				CLANG_WARN_DIRECT_OBJC_ISA_USAGE = YES_ERROR;
				CLANG_WARN_DOCUMENTATION_COMMENTS = YES;
				CLANG_WARN_EMPTY_BODY = YES;
				CLANG_WARN_ENUM_CONVERSION = YES;
				CLANG_WARN_INFINITE_RECURSION = YES;
				CLANG_WARN_INT_CONVERSION = YES;
				CLANG_WARN_NON_LITERAL_NULL_CONVERSION = YES;
				CLANG_WARN_OBJC_IMPLICIT_RETAIN_SELF = YES;
				CLANG_WARN_OBJC_LITERAL_CONVERSION = YES;
				CLANG_WARN_OBJC_ROOT_CLASS = YES_ERROR;
				CLANG_WARN_RANGE_LOOP_ANALYSIS = YES;
				CLANG_WARN_STRICT_PROTOTYPES = YES;
				CLANG_WARN_SUSPICIOUS_MOVE = YES;
				CLANG_WARN_UNGUARDED_AVAILABILITY = YES_AGGRESSIVE;
				CLANG_WARN_UNREACHABLE_CODE = YES;
				CLANG_WARN__DUPLICATE_METHOD_MATCH = YES;
				COPY_PHASE_STRIP = NO;
				DEBUG_INFORMATION_FORMAT = "dwarf-with-dsym";
				ENABLE_NS_ASSERTIONS = NO;
				ENABLE_STRICT_OBJC_MSGSEND = YES;
				GCC_C_LANGUAGE_STANDARD = gnu11;
				GCC_NO_COMMON_BLOCKS = YES;
				GCC_WARN_64_TO_32_BIT_CONVERSION = YES;
				GCC_WARN_ABOUT_RETURN_TYPE = YES_ERROR;
				GCC_WARN_UNDECLARED_SELECTOR = YES;
				GCC_WARN_UNINITIALIZED_AUTOS = YES_AGGRESSIVE;
				GCC_WARN_UNUSED_FUNCTION = YES;
				GCC_WARN_UNUSED_VARIABLE = YES;
				IPHONEOS_DEPLOYMENT_TARGET = 13.2;
				MTL_ENABLE_DEBUG_INFO = NO;
				MTL_FAST_MATH = YES;
				SDKROOT = iphoneos;
				SWIFT_COMPILATION_MODE = wholemodule;
				SWIFT_OPTIMIZATION_LEVEL = "-O";
				VALIDATE_PRODUCT = YES;
			};
			name = Release;
		};
		17A00ACA2604BDA7002C92EF /* Debug */ = {
			isa = XCBuildConfiguration;
			buildSettings = {
				ASSETCATALOG_COMPILER_APPICON_NAME = AppIcon;
				CODE_SIGN_STYLE = Automatic;
				DEVELOPMENT_ASSET_PATHS = "\"douyu/Preview Content\"";
				ENABLE_PREVIEWS = YES;
				INFOPLIST_FILE = douyu/Info.plist;
				LD_RUNPATH_SEARCH_PATHS = (
					"$(inherited)",
					"@executable_path/Frameworks",
				);
				PRODUCT_BUNDLE_IDENTIFIER = com.xiaonan.aha.douyu;
				PRODUCT_NAME = "$(TARGET_NAME)";
				SWIFT_VERSION = 5.0;
				TARGETED_DEVICE_FAMILY = "1,2";
			};
			name = Debug;
		};
		17A00ACB2604BDA7002C92EF /* Release */ = {
			isa = XCBuildConfiguration;
			buildSettings = {
				ASSETCATALOG_COMPILER_APPICON_NAME = AppIcon;
				CODE_SIGN_STYLE = Automatic;
				DEVELOPMENT_ASSET_PATHS = "\"douyu/Preview Content\"";
				ENABLE_PREVIEWS = YES;
				INFOPLIST_FILE = douyu/Info.plist;
				LD_RUNPATH_SEARCH_PATHS = (
					"$(inherited)",
					"@executable_path/Frameworks",
				);
				PRODUCT_BUNDLE_IDENTIFIER = com.xiaonan.aha.douyu;
				PRODUCT_NAME = "$(TARGET_NAME)";
				SWIFT_VERSION = 5.0;
				TARGETED_DEVICE_FAMILY = "1,2";
			};
			name = Release;
		};
		17A00ACD2604BDA7002C92EF /* Debug */ = {
			isa = XCBuildConfiguration;
			buildSettings = {
				ALWAYS_EMBED_SWIFT_STANDARD_LIBRARIES = YES;
				BUNDLE_LOADER = "$(TEST_HOST)";
				CODE_SIGN_STYLE = Automatic;
				INFOPLIST_FILE = douyuTests/Info.plist;
				IPHONEOS_DEPLOYMENT_TARGET = 13.2;
				LD_RUNPATH_SEARCH_PATHS = (
					"$(inherited)",
					"@executable_path/Frameworks",
					"@loader_path/Frameworks",
				);
				PRODUCT_BUNDLE_IDENTIFIER = com.xiaonan.aha.douyuTests;
				PRODUCT_NAME = "$(TARGET_NAME)";
				SWIFT_VERSION = 5.0;
				TARGETED_DEVICE_FAMILY = "1,2";
				TEST_HOST = "$(BUILT_PRODUCTS_DIR)/douyu.app/douyu";
			};
			name = Debug;
		};
		17A00ACE2604BDA7002C92EF /* Release */ = {
			isa = XCBuildConfiguration;
			buildSettings = {
				ALWAYS_EMBED_SWIFT_STANDARD_LIBRARIES = YES;
				BUNDLE_LOADER = "$(TEST_HOST)";
				CODE_SIGN_STYLE = Automatic;
				INFOPLIST_FILE = douyuTests/Info.plist;
				IPHONEOS_DEPLOYMENT_TARGET = 13.2;
				LD_RUNPATH_SEARCH_PATHS = (
					"$(inherited)",
					"@executable_path/Frameworks",
					"@loader_path/Frameworks",
				);
				PRODUCT_BUNDLE_IDENTIFIER = com.xiaonan.aha.douyuTests;
				PRODUCT_NAME = "$(TARGET_NAME)";
				SWIFT_VERSION = 5.0;
				TARGETED_DEVICE_FAMILY = "1,2";
				TEST_HOST = "$(BUILT_PRODUCTS_DIR)/douyu.app/douyu";
			};
			name = Release;
		};
		17A00AD02604BDA7002C92EF /* Debug */ = {
			isa = XCBuildConfiguration;
			buildSettings = {
				ALWAYS_EMBED_SWIFT_STANDARD_LIBRARIES = YES;
				CODE_SIGN_STYLE = Automatic;
				INFOPLIST_FILE = douyuUITests/Info.plist;
				LD_RUNPATH_SEARCH_PATHS = (
					"$(inherited)",
					"@executable_path/Frameworks",
					"@loader_path/Frameworks",
				);
				PRODUCT_BUNDLE_IDENTIFIER = com.xiaonan.aha.douyuUITests;
				PRODUCT_NAME = "$(TARGET_NAME)";
				SWIFT_VERSION = 5.0;
				TARGETED_DEVICE_FAMILY = "1,2";
				TEST_TARGET_NAME = douyu;
			};
			name = Debug;
		};
		17A00AD12604BDA7002C92EF /* Release */ = {
			isa = XCBuildConfiguration;
			buildSettings = {
				ALWAYS_EMBED_SWIFT_STANDARD_LIBRARIES = YES;
				CODE_SIGN_STYLE = Automatic;
				INFOPLIST_FILE = douyuUITests/Info.plist;
				LD_RUNPATH_SEARCH_PATHS = (
					"$(inherited)",
					"@executable_path/Frameworks",
					"@loader_path/Frameworks",
				);
				PRODUCT_BUNDLE_IDENTIFIER = com.xiaonan.aha.douyuUITests;
				PRODUCT_NAME = "$(TARGET_NAME)";
				SWIFT_VERSION = 5.0;
				TARGETED_DEVICE_FAMILY = "1,2";
				TEST_TARGET_NAME = douyu;
			};
			name = Release;
		};
/* End XCBuildConfiguration section */

/* Begin XCConfigurationList section */
		17A00A9A2604BDA6002C92EF /* Build configuration list for PBXProject "douyu" */ = {
			isa = XCConfigurationList;
			buildConfigurations = (
				17A00AC72604BDA7002C92EF /* Debug */,
				17A00AC82604BDA7002C92EF /* Release */,
			);
			defaultConfigurationIsVisible = 0;
			defaultConfigurationName = Release;
		};
		17A00AC92604BDA7002C92EF /* Build configuration list for PBXNativeTarget "douyu" */ = {
			isa = XCConfigurationList;
			buildConfigurations = (
				17A00ACA2604BDA7002C92EF /* Debug */,
				17A00ACB2604BDA7002C92EF /* Release */,
			);
			defaultConfigurationIsVisible = 0;
			defaultConfigurationName = Release;
		};
		17A00ACC2604BDA7002C92EF /* Build configuration list for PBXNativeTarget "douyuTests" */ = {
			isa = XCConfigurationList;
			buildConfigurations = (
				17A00ACD2604BDA7002C92EF /* Debug */,
				17A00ACE2604BDA7002C92EF /* Release */,
			);
			defaultConfigurationIsVisible = 0;
			defaultConfigurationName = Release;
		};
		17A00ACF2604BDA7002C92EF /* Build configuration list for PBXNativeTarget "douyuUITests" */ = {
			isa = XCConfigurationList;
			buildConfigurations = (
				17A00AD02604BDA7002C92EF /* Debug */,
				17A00AD12604BDA7002C92EF /* Release */,
			);
			defaultConfigurationIsVisible = 0;
			defaultConfigurationName = Release;
		};
/* End XCConfigurationList section */
	};
	rootObject = 17A00A972604BDA6002C92EF /* Project object */;
}
